
Microsoft Visual Studio Solution File, Format Version 12.00
# Visual Studio 15
VisualStudioVersion = 15.0.27130.2010
MinimumVisualStudioVersion = 10.0.40219.1
Project("{888888A0-9F3D-457C-B088-3A5042F75D52}") = "File IO", "File IO\File IO.pyproj", "{9B65DEBC-7214-4D7E-B2BC-B6062E90851A}"
EndProject
Global
	GlobalSection(SolutionConfigurationPlatforms) = preSolution
		Debug|Any CPU = Debug|Any CPU
		Release|Any CPU = Release|Any CPU
	EndGlobalSection
	GlobalSection(ProjectConfigurationPlatforms) = postSolution
		{9B65DEBC-7214-4D7E-B2BC-B6062E90851A}.Debug|Any CPU.ActiveCfg = Debug|Any CPU
		{9B65DEBC-7214-4D7E-B2BC-B6062E90851A}.Release|Any CPU.ActiveCfg = Release|Any CPU
	EndGlobalSection
	GlobalSection(SolutionProperties) = preSolution
		HideSolutionNode = FALSE
	EndGlobalSection
	GlobalSection(ExtensibilityGlobals) = postSolution
		SolutionGuid = {4CFB6C59-4A80-410B-BD37-79318D768564}
	EndGlobalSection
EndGlobal
