
Microsoft Visual Studio Solution File, Format Version 12.00
# Visual Studio 15
VisualStudioVersion = 15.0.27130.2010
MinimumVisualStudioVersion = 10.0.40219.1
Project("{888888A0-9F3D-457C-B088-3A5042F75D52}") = "Iteration", "Iteration\Iteration.pyproj", "{7F726604-47CB-4B08-9758-D15D77A3DEFB}"
EndProject
Global
	GlobalSection(SolutionConfigurationPlatforms) = preSolution
		Debug|Any CPU = Debug|Any CPU
		Release|Any CPU = Release|Any CPU
	EndGlobalSection
	GlobalSection(ProjectConfigurationPlatforms) = postSolution
		{7F726604-47CB-4B08-9758-D15D77A3DEFB}.Debug|Any CPU.ActiveCfg = Debug|Any CPU
		{7F726604-47CB-4B08-9758-D15D77A3DEFB}.Release|Any CPU.ActiveCfg = Release|Any CPU
	EndGlobalSection
	GlobalSection(SolutionProperties) = preSolution
		HideSolutionNode = FALSE
	EndGlobalSection
	GlobalSection(ExtensibilityGlobals) = postSolution
		SolutionGuid = {46281B99-C5C5-4429-BE62-348F90B66702}
	EndGlobalSection
EndGlobal
